
Microsoft Visual Studio Solution File, Format Version 12.00
# Visual Studio Version 17
VisualStudioVersion = 17.10.34916.146
MinimumVisualStudioVersion = 10.0.40219.1
Project("{FAE04EC0-301F-11D3-BF4B-00C04F79EFBC}") = "HW_SP_9.0", "HW_SP_9.0.csproj", "{47C47C62-03E8-49AA-A95B-533ABBD9B8B3}"
EndProject
Global
	GlobalSection(SolutionConfigurationPlatforms) = preSolution
		Debug|Any CPU = Debug|Any CPU
		Release|Any CPU = Release|Any CPU
	EndGlobalSection
	GlobalSection(ProjectConfigurationPlatforms) = postSolution
		{47C47C62-03E8-49AA-A95B-533ABBD9B8B3}.Debug|Any CPU.ActiveCfg = Debug|Any CPU
		{47C47C62-03E8-49AA-A95B-533ABBD9B8B3}.Debug|Any CPU.Build.0 = Debug|Any CPU
		{47C47C62-03E8-49AA-A95B-533ABBD9B8B3}.Release|Any CPU.ActiveCfg = Release|Any CPU
		{47C47C62-03E8-49AA-A95B-533ABBD9B8B3}.Release|Any CPU.Build.0 = Release|Any CPU
	EndGlobalSection
	GlobalSection(SolutionProperties) = preSolution
		HideSolutionNode = FALSE
	EndGlobalSection
	GlobalSection(ExtensibilityGlobals) = postSolution
		SolutionGuid = {1560C436-B5CC-41FB-8B2B-144D946FCC4B}
	EndGlobalSection
EndGlobal
